
Microsoft Visual Studio Solution File, Format Version 12.00
# Visual Studio 15
VisualStudioVersion = 15.0.26403.7
MinimumVisualStudioVersion = 10.0.40219.1
Project("{FAE04EC0-301F-11D3-BF4B-00C04F79EFBC}") = "Protocol", "Protocol\Protocol.csproj", "{9ECB9871-C62A-4805-9BCC-914741906578}"
EndProject
Project("{FAE04EC0-301F-11D3-BF4B-00C04F79EFBC}") = "NetClient", "Client\NetClient.csproj", "{309A9EA7-1B04-48B4-8985-B83662CC1DAE}"
EndProject
Global
	GlobalSection(SolutionConfigurationPlatforms) = preSolution
		Debug|Any CPU = Debug|Any CPU
		Release|Any CPU = Release|Any CPU
	EndGlobalSection
	GlobalSection(ProjectConfigurationPlatforms) = postSolution
		{9ECB9871-C62A-4805-9BCC-914741906578}.Debug|Any CPU.ActiveCfg = Debug|Any CPU
		{9ECB9871-C62A-4805-9BCC-914741906578}.Debug|Any CPU.Build.0 = Debug|Any CPU
		{9ECB9871-C62A-4805-9BCC-914741906578}.Release|Any CPU.ActiveCfg = Release|Any CPU
		{9ECB9871-C62A-4805-9BCC-914741906578}.Release|Any CPU.Build.0 = Release|Any CPU
		{309A9EA7-1B04-48B4-8985-B83662CC1DAE}.Debug|Any CPU.ActiveCfg = Debug|Any CPU
		{309A9EA7-1B04-48B4-8985-B83662CC1DAE}.Debug|Any CPU.Build.0 = Debug|Any CPU
		{309A9EA7-1B04-48B4-8985-B83662CC1DAE}.Release|Any CPU.ActiveCfg = Release|Any CPU
		{309A9EA7-1B04-48B4-8985-B83662CC1DAE}.Release|Any CPU.Build.0 = Release|Any CPU
	EndGlobalSection
	GlobalSection(SolutionProperties) = preSolution
		HideSolutionNode = FALSE
	EndGlobalSection
EndGlobal
